<Solution>
  <Project Path="src/TerrariaSplit.Domain/TerrariaSplit.Domain.csproj" />
  <Project Path="src/TerrariaSplit.Configuration/TerrariaSplit.Configuration.csproj" />
  <Project Path="src/TerrariaSplit.Infrastructure/TerrariaSplit.Infrastructure.csproj" />
  <Project Path="src/TerrariaSplit.Infrastructure.Windows/TerrariaSplit.Infrastructure.Windows.csproj" />
  <Project Path="src/TerrariaSplit.Race.Contracts/TerrariaSplit.Race.Contracts.csproj" />
  <Project Path="src/TerrariaSplit.Race.Determinism/TerrariaSplit.Race.Determinism.csproj" />
  <Project Path="src/TerrariaSplit.Race.InGame/TerrariaSplit.Race.InGame.csproj" />
  <Project Path="src/TerrariaSplit.WorldGeneration/TerrariaSplit.WorldGeneration.csproj" />
  <Project Path="src/TerrariaSplit.Race.Server/TerrariaSplit.Race.Server.csproj" />
  <Project Path="src/TerrariaSplit.Race.Client/TerrariaSplit.Race.Client.csproj" />
  <Project Path="src/TerrariaSplit.WorldGuard.Payload/TerrariaSplit.WorldGuard.Payload.csproj" />
  <Project Path="src/TerrariaSplit.Storage/TerrariaSplit.Storage.csproj" />
  <Project Path="src/TerrariaSplit.Statistics/TerrariaSplit.Statistics.csproj" />
  <Project Path="src/TerrariaSplit.Terraria/TerrariaSplit.Terraria.csproj" />
  <Project Path="src/TerrariaSplit.Application/TerrariaSplit.Application.csproj" />
  <Project Path="src/TerrariaSplit.WinForms/TerrariaSplit.WinForms.csproj" />
  <Project Path="src/TerrariaSplit.MemoryBridge/TerrariaSplit.MemoryBridge.csproj" />
  <Project Path="test/TerrariaSplit.Tests.csproj" />
</Solution>
